
Microsoft Visual Studio Solution File, Format Version 12.00
# Visual Studio Version 17
VisualStudioVersion = 17.13.35818.85 d17.13
MinimumVisualStudioVersion = 10.0.40219.1
Project("{FAE04EC0-301F-11D3-BF4B-00C04F79EFBC}") = "MVCVideo", "MVCVideo\MVCVideo.csproj", "{D8A876C8-368D-4BD5-A57E-27FB60D09DA4}"
EndProject
Global
	GlobalSection(SolutionConfigurationPlatforms) = preSolution
		Debug|Any CPU = Debug|Any CPU
		Release|Any CPU = Release|Any CPU
	EndGlobalSection
	GlobalSection(ProjectConfigurationPlatforms) = postSolution
		{D8A876C8-368D-4BD5-A57E-27FB60D09DA4}.Debug|Any CPU.ActiveCfg = Debug|Any CPU
		{D8A876C8-368D-4BD5-A57E-27FB60D09DA4}.Debug|Any CPU.Build.0 = Debug|Any CPU
		{D8A876C8-368D-4BD5-A57E-27FB60D09DA4}.Release|Any CPU.ActiveCfg = Release|Any CPU
		{D8A876C8-368D-4BD5-A57E-27FB60D09DA4}.Release|Any CPU.Build.0 = Release|Any CPU
	EndGlobalSection
	GlobalSection(SolutionProperties) = preSolution
		HideSolutionNode = FALSE
	EndGlobalSection
	GlobalSection(ExtensibilityGlobals) = postSolution
		SolutionGuid = {F75EB10E-CA9C-4E67-BD1B-89C7F26E50B9}
	EndGlobalSection
EndGlobal
